// !$*UTF8*$!
{
	archiveVersion = 1;
	classes = {
	};
	objectVersion = 51;
	objects = {

/* Begin PBXBuildFile section */
		3660BD4E251B1F0000ED8241 /* AppDelegate.swift in Sources */ = {isa = PBXBuildFile; fileRef = 3660BD4D251B1F0000ED8241 /* AppDelegate.swift */; };
		3660BD50251B1F0000ED8241 /* SceneDelegate.swift in Sources */ = {isa = PBXBuildFile; fileRef = 3660BD4F251B1F0000ED8241 /* SceneDelegate.swift */; };
		3660BD52251B1F0000ED8241 /* ViewController.swift in Sources */ = {isa = PBXBuildFile; fileRef = 3660BD51251B1F0000ED8241 /* ViewController.swift */; };
		3660BD55251B1F0100ED8241 /* Main.storyboard in Resources */ = {isa = PBXBuildFile; fileRef = 3660BD53251B1F0100ED8241 /* Main.storyboard */; };
		3660BD57251B1F0100ED8241 /* Assets.xcassets in Resources */ = {isa = PBXBuildFile; fileRef = 3660BD56251B1F0100ED8241 /* Assets.xcassets */; };
		3660BD5A251B1F0100ED8241 /* LaunchScreen.storyboard in Resources */ = {isa = PBXBuildFile; fileRef = 3660BD58251B1F0100ED8241 /* LaunchScreen.storyboard */; };
		3660BD65251B1F0100ED8241 /* MusicDictionaryIOSTests.swift in Sources */ = {isa = PBXBuildFile; fileRef = 3660BD64251B1F0100ED8241 /* MusicDictionaryIOSTests.swift */; };
		3660BD70251B1F0200ED8241 /* MusicDictionaryIOSUITests.swift in Sources */ = {isa = PBXBuildFile; fileRef = 3660BD6F251B1F0200ED8241 /* MusicDictionaryIOSUITests.swift */; };
		3666CA82251B7A5A001FF648 /* app-develop.plist in Resources */ = {isa = PBXBuildFile; fileRef = 3666CA80251B7A5A001FF648 /* app-develop.plist */; };
		3666CA83251B7A5A001FF648 /* app-staging.plist in Resources */ = {isa = PBXBuildFile; fileRef = 3666CA81251B7A5A001FF648 /* app-staging.plist */; };
		3666CA8B251B82BA001FF648 /* app.plist in Resources */ = {isa = PBXBuildFile; fileRef = 3666CA8A251B82BA001FF648 /* app.plist */; };
		3666CA8D251C3172001FF648 /* Home.storyboard in Resources */ = {isa = PBXBuildFile; fileRef = 3666CA8C251C3172001FF648 /* Home.storyboard */; };
		3666CA97251D8228001FF648 /* RoundedButton.swift in Sources */ = {isa = PBXBuildFile; fileRef = 3666CA96251D8228001FF648 /* RoundedButton.swift */; };
		3666CA9E251E07C8001FF648 /* ResultViewController.swift in Sources */ = {isa = PBXBuildFile; fileRef = 3666CA9D251E07C8001FF648 /* ResultViewController.swift */; };
		3666CAA2251E0802001FF648 /* ResultViewModel.swift in Sources */ = {isa = PBXBuildFile; fileRef = 3666CAA1251E0802001FF648 /* ResultViewModel.swift */; };
		367DB3AA253BD70900C1B0A0 /* MyPageTopViewController.swift in Sources */ = {isa = PBXBuildFile; fileRef = 367DB3A9253BD70900C1B0A0 /* MyPageTopViewController.swift */; };
		367DB3AC253BD75D00C1B0A0 /* MyPage.storyboard in Resources */ = {isa = PBXBuildFile; fileRef = 367DB3AB253BD75D00C1B0A0 /* MyPage.storyboard */; };
		367DB3AE253BDE8000C1B0A0 /* RoundedView.swift in Sources */ = {isa = PBXBuildFile; fileRef = 367DB3AD253BDE8000C1B0A0 /* RoundedView.swift */; };
		367DB3B0253BE11C00C1B0A0 /* MyPageTopViewModel.swift in Sources */ = {isa = PBXBuildFile; fileRef = 367DB3AF253BE11C00C1B0A0 /* MyPageTopViewModel.swift */; };
		367DB3B2253BE71400C1B0A0 /* MyPageUserViewController.swift in Sources */ = {isa = PBXBuildFile; fileRef = 367DB3B1253BE71400C1B0A0 /* MyPageUserViewController.swift */; };
		367DB3B4253BE73200C1B0A0 /* MyPageUserViewModel.swift in Sources */ = {isa = PBXBuildFile; fileRef = 367DB3B3253BE73200C1B0A0 /* MyPageUserViewModel.swift */; };
		367DB3B9253BF47900C1B0A0 /* UserDefaultsRepository.swift in Sources */ = {isa = PBXBuildFile; fileRef = 367DB3B7253BF47900C1B0A0 /* UserDefaultsRepository.swift */; };
		367DB3BA253BF47900C1B0A0 /* ApiServiceRepository.swift in Sources */ = {isa = PBXBuildFile; fileRef = 367DB3B8253BF47900C1B0A0 /* ApiServiceRepository.swift */; };
		367DB3BE253BF49100C1B0A0 /* Status.swift in Sources */ = {isa = PBXBuildFile; fileRef = 367DB3BB253BF49100C1B0A0 /* Status.swift */; };
		367DB3BF253BF49100C1B0A0 /* UserInfoChangeListUtil.swift in Sources */ = {isa = PBXBuildFile; fileRef = 367DB3BC253BF49100C1B0A0 /* UserInfoChangeListUtil.swift */; };
		367DB3C0253BF49100C1B0A0 /* PropertyUtil.swift in Sources */ = {isa = PBXBuildFile; fileRef = 367DB3BD253BF49100C1B0A0 /* PropertyUtil.swift */; };
		367DB3C2253BF4AB00C1B0A0 /* ArtistsForm.swift in Sources */ = {isa = PBXBuildFile; fileRef = 367DB3C1253BF4AB00C1B0A0 /* ArtistsForm.swift */; };
		367DB3C7253BF4C700C1B0A0 /* MoyaCacheablePlugin.swift in Sources */ = {isa = PBXBuildFile; fileRef = 367DB3C3253BF4C700C1B0A0 /* MoyaCacheablePlugin.swift */; };
		367DB3C8253BF4C700C1B0A0 /* Provider.swift in Sources */ = {isa = PBXBuildFile; fileRef = 367DB3C4253BF4C700C1B0A0 /* Provider.swift */; };
		367DB3C9253BF4C700C1B0A0 /* ErrorUseCase.swift in Sources */ = {isa = PBXBuildFile; fileRef = 367DB3C5253BF4C700C1B0A0 /* ErrorUseCase.swift */; };
		367DB3CA253BF4C700C1B0A0 /* ApiService.swift in Sources */ = {isa = PBXBuildFile; fileRef = 367DB3C6253BF4C700C1B0A0 /* ApiService.swift */; };
		367DB3CC253C4DFB00C1B0A0 /* MyPageArtistTableViewCell.swift in Sources */ = {isa = PBXBuildFile; fileRef = 367DB3CB253C4DFB00C1B0A0 /* MyPageArtistTableViewCell.swift */; };
		367DB3CE253C4EA200C1B0A0 /* MyPageArtistTableViewDataSource.swift in Sources */ = {isa = PBXBuildFile; fileRef = 367DB3CD253C4EA200C1B0A0 /* MyPageArtistTableViewDataSource.swift */; };
		367DB3D0253C4F9100C1B0A0 /* MyPageArtistViewController.swift in Sources */ = {isa = PBXBuildFile; fileRef = 367DB3CF253C4F9100C1B0A0 /* MyPageArtistViewController.swift */; };
		367DB3D2253C4FB400C1B0A0 /* MyPageArtistViewModel.swift in Sources */ = {isa = PBXBuildFile; fileRef = 367DB3D1253C4FB400C1B0A0 /* MyPageArtistViewModel.swift */; };
		367DB3D5253C538400C1B0A0 /* UISearchBar+Extension.swift in Sources */ = {isa = PBXBuildFile; fileRef = 367DB3D3253C538400C1B0A0 /* UISearchBar+Extension.swift */; };
		367DB3D6253C538400C1B0A0 /* UIColor+Extension.swift in Sources */ = {isa = PBXBuildFile; fileRef = 367DB3D4253C538400C1B0A0 /* UIColor+Extension.swift */; };
		367DB3DB253C539500C1B0A0 /* HomeViewModel.swift in Sources */ = {isa = PBXBuildFile; fileRef = 367DB3D7253C539400C1B0A0 /* HomeViewModel.swift */; };
		367DB3DC253C539500C1B0A0 /* ResultTableViewDataSource.swift in Sources */ = {isa = PBXBuildFile; fileRef = 367DB3D8253C539500C1B0A0 /* ResultTableViewDataSource.swift */; };
		367DB3DD253C539500C1B0A0 /* HomeViewController.swift in Sources */ = {isa = PBXBuildFile; fileRef = 367DB3D9253C539500C1B0A0 /* HomeViewController.swift */; };
		367DB3DE253C539500C1B0A0 /* ResultTableViewCell.swift in Sources */ = {isa = PBXBuildFile; fileRef = 367DB3DA253C539500C1B0A0 /* ResultTableViewCell.swift */; };
		36916F3D251ED3E900D43C34 /* R.generated.swift in Sources */ = {isa = PBXBuildFile; fileRef = 36916F3C251ED3E900D43C34 /* R.generated.swift */; };
		C8917F6FF597D69FCE9EB77B /* Pods_MusicDictionaryIOSTests.framework in Frameworks */ = {isa = PBXBuildFile; fileRef = A19327F682E6FBE5B3A22B78 /* Pods_MusicDictionaryIOSTests.framework */; };
		CD526F9AA34C80C3A3FB1AF2 /* Pods_MusicDictionaryIOS_MusicDictionaryIOSUITests.framework in Frameworks */ = {isa = PBXBuildFile; fileRef = 1AEF1E05683601493C1F9F5B /* Pods_MusicDictionaryIOS_MusicDictionaryIOSUITests.framework */; };
		FB1B9A722DDE6AF12EC33813 /* Pods_MusicDictionaryIOS.framework in Frameworks */ = {isa = PBXBuildFile; fileRef = B866B2E3614506157AE89701 /* Pods_MusicDictionaryIOS.framework */; };
/* End PBXBuildFile section */

/* Begin PBXContainerItemProxy section */
		3660BD61251B1F0100ED8241 /* PBXContainerItemProxy */ = {
			isa = PBXContainerItemProxy;
			containerPortal = 3660BD42251B1F0000ED8241 /* Project object */;
			proxyType = 1;
			remoteGlobalIDString = 3660BD49251B1F0000ED8241;
			remoteInfo = MusicDictionaryIOS;
		};
		3660BD6C251B1F0200ED8241 /* PBXContainerItemProxy */ = {
			isa = PBXContainerItemProxy;
			containerPortal = 3660BD42251B1F0000ED8241 /* Project object */;
			proxyType = 1;
			remoteGlobalIDString = 3660BD49251B1F0000ED8241;
			remoteInfo = MusicDictionaryIOS;
		};
/* End PBXContainerItemProxy section */

/* Begin PBXFileReference section */
		0C044D5D06A8C4FFC4FF22B0 /* Pods-MusicDictionaryIOSTests.release.xcconfig */ = {isa = PBXFileReference; includeInIndex = 1; lastKnownFileType = text.xcconfig; name = "Pods-MusicDictionaryIOSTests.release.xcconfig"; path = "Target Support Files/Pods-MusicDictionaryIOSTests/Pods-MusicDictionaryIOSTests.release.xcconfig"; sourceTree = "<group>"; };
		1AEF1E05683601493C1F9F5B /* Pods_MusicDictionaryIOS_MusicDictionaryIOSUITests.framework */ = {isa = PBXFileReference; explicitFileType = wrapper.framework; includeInIndex = 0; path = Pods_MusicDictionaryIOS_MusicDictionaryIOSUITests.framework; sourceTree = BUILT_PRODUCTS_DIR; };
		1BD954C4DF0C947A6DC43DDC /* Pods-MusicDictionaryIOSTests.debug.xcconfig */ = {isa = PBXFileReference; includeInIndex = 1; lastKnownFileType = text.xcconfig; name = "Pods-MusicDictionaryIOSTests.debug.xcconfig"; path = "Target Support Files/Pods-MusicDictionaryIOSTests/Pods-MusicDictionaryIOSTests.debug.xcconfig"; sourceTree = "<group>"; };
		2C1E132C3A81902914F67CFD /* Pods-MusicDictionaryIOSTests.develop.xcconfig */ = {isa = PBXFileReference; includeInIndex = 1; lastKnownFileType = text.xcconfig; name = "Pods-MusicDictionaryIOSTests.develop.xcconfig"; path = "Target Support Files/Pods-MusicDictionaryIOSTests/Pods-MusicDictionaryIOSTests.develop.xcconfig"; sourceTree = "<group>"; };
		333586B02F47E0AD8F0D682D /* Pods-MusicDictionaryIOS-MusicDictionaryIOSUITests.develop.xcconfig */ = {isa = PBXFileReference; includeInIndex = 1; lastKnownFileType = text.xcconfig; name = "Pods-MusicDictionaryIOS-MusicDictionaryIOSUITests.develop.xcconfig"; path = "Target Support Files/Pods-MusicDictionaryIOS-MusicDictionaryIOSUITests/Pods-MusicDictionaryIOS-MusicDictionaryIOSUITests.develop.xcconfig"; sourceTree = "<group>"; };
		3660BD4A251B1F0000ED8241 /* MusicDictionaryIOS.app */ = {isa = PBXFileReference; explicitFileType = wrapper.application; includeInIndex = 0; path = MusicDictionaryIOS.app; sourceTree = BUILT_PRODUCTS_DIR; };
		3660BD4D251B1F0000ED8241 /* AppDelegate.swift */ = {isa = PBXFileReference; lastKnownFileType = sourcecode.swift; path = AppDelegate.swift; sourceTree = "<group>"; };
		3660BD4F251B1F0000ED8241 /* SceneDelegate.swift */ = {isa = PBXFileReference; lastKnownFileType = sourcecode.swift; path = SceneDelegate.swift; sourceTree = "<group>"; };
		3660BD51251B1F0000ED8241 /* ViewController.swift */ = {isa = PBXFileReference; lastKnownFileType = sourcecode.swift; path = ViewController.swift; sourceTree = "<group>"; };
		3660BD54251B1F0100ED8241 /* Base */ = {isa = PBXFileReference; lastKnownFileType = file.storyboard; name = Base; path = Base.lproj/Main.storyboard; sourceTree = "<group>"; };
		3660BD56251B1F0100ED8241 /* Assets.xcassets */ = {isa = PBXFileReference; lastKnownFileType = folder.assetcatalog; path = Assets.xcassets; sourceTree = "<group>"; };
		3660BD59251B1F0100ED8241 /* Base */ = {isa = PBXFileReference; lastKnownFileType = file.storyboard; name = Base; path = Base.lproj/LaunchScreen.storyboard; sourceTree = "<group>"; };
		3660BD5B251B1F0100ED8241 /* Info.plist */ = {isa = PBXFileReference; lastKnownFileType = text.plist.xml; path = Info.plist; sourceTree = "<group>"; };
		3660BD60251B1F0100ED8241 /* MusicDictionaryIOSTests.xctest */ = {isa = PBXFileReference; explicitFileType = wrapper.cfbundle; includeInIndex = 0; path = MusicDictionaryIOSTests.xctest; sourceTree = BUILT_PRODUCTS_DIR; };
		3660BD64251B1F0100ED8241 /* MusicDictionaryIOSTests.swift */ = {isa = PBXFileReference; lastKnownFileType = sourcecode.swift; path = MusicDictionaryIOSTests.swift; sourceTree = "<group>"; };
		3660BD66251B1F0100ED8241 /* Info.plist */ = {isa = PBXFileReference; lastKnownFileType = text.plist.xml; path = Info.plist; sourceTree = "<group>"; };
		3660BD6B251B1F0200ED8241 /* MusicDictionaryIOSUITests.xctest */ = {isa = PBXFileReference; explicitFileType = wrapper.cfbundle; includeInIndex = 0; path = MusicDictionaryIOSUITests.xctest; sourceTree = BUILT_PRODUCTS_DIR; };
		3660BD6F251B1F0200ED8241 /* MusicDictionaryIOSUITests.swift */ = {isa = PBXFileReference; lastKnownFileType = sourcecode.swift; path = MusicDictionaryIOSUITests.swift; sourceTree = "<group>"; };
		3660BD71251B1F0200ED8241 /* Info.plist */ = {isa = PBXFileReference; lastKnownFileType = text.plist.xml; path = Info.plist; sourceTree = "<group>"; };
		3666CA80251B7A5A001FF648 /* app-develop.plist */ = {isa = PBXFileReference; fileEncoding = 4; lastKnownFileType = text.plist.xml; name = "app-develop.plist"; path = "Resource/app-develop.plist"; sourceTree = "<group>"; };
		3666CA81251B7A5A001FF648 /* app-staging.plist */ = {isa = PBXFileReference; fileEncoding = 4; lastKnownFileType = text.plist.xml; name = "app-staging.plist"; path = "Resource/app-staging.plist"; sourceTree = "<group>"; };
		3666CA8A251B82BA001FF648 /* app.plist */ = {isa = PBXFileReference; fileEncoding = 4; lastKnownFileType = text.plist.xml; path = app.plist; sourceTree = "<group>"; };
		3666CA8C251C3172001FF648 /* Home.storyboard */ = {isa = PBXFileReference; lastKnownFileType = file.storyboard; path = Home.storyboard; sourceTree = "<group>"; };
		3666CA96251D8228001FF648 /* RoundedButton.swift */ = {isa = PBXFileReference; lastKnownFileType = sourcecode.swift; path = RoundedButton.swift; sourceTree = "<group>"; };
		3666CA9D251E07C8001FF648 /* ResultViewController.swift */ = {isa = PBXFileReference; lastKnownFileType = sourcecode.swift; name = ResultViewController.swift; path = home/ResultViewController.swift; sourceTree = "<group>"; };
		3666CAA1251E0802001FF648 /* ResultViewModel.swift */ = {isa = PBXFileReference; fileEncoding = 4; lastKnownFileType = sourcecode.swift; name = ResultViewModel.swift; path = home/ResultViewModel.swift; sourceTree = "<group>"; };
		367DB3A9253BD70900C1B0A0 /* MyPageTopViewController.swift */ = {isa = PBXFileReference; lastKnownFileType = sourcecode.swift; path = MyPageTopViewController.swift; sourceTree = "<group>"; };
		367DB3AB253BD75D00C1B0A0 /* MyPage.storyboard */ = {isa = PBXFileReference; lastKnownFileType = file.storyboard; path = MyPage.storyboard; sourceTree = "<group>"; };
		367DB3AD253BDE8000C1B0A0 /* RoundedView.swift */ = {isa = PBXFileReference; lastKnownFileType = sourcecode.swift; path = RoundedView.swift; sourceTree = "<group>"; };
		367DB3AF253BE11C00C1B0A0 /* MyPageTopViewModel.swift */ = {isa = PBXFileReference; lastKnownFileType = sourcecode.swift; path = MyPageTopViewModel.swift; sourceTree = "<group>"; };
		367DB3B1253BE71400C1B0A0 /* MyPageUserViewController.swift */ = {isa = PBXFileReference; lastKnownFileType = sourcecode.swift; path = MyPageUserViewController.swift; sourceTree = "<group>"; };
		367DB3B3253BE73200C1B0A0 /* MyPageUserViewModel.swift */ = {isa = PBXFileReference; lastKnownFileType = sourcecode.swift; path = MyPageUserViewModel.swift; sourceTree = "<group>"; };
		367DB3B7253BF47900C1B0A0 /* UserDefaultsRepository.swift */ = {isa = PBXFileReference; fileEncoding = 4; lastKnownFileType = sourcecode.swift; name = UserDefaultsRepository.swift; path = model/repository/UserDefaultsRepository.swift; sourceTree = "<group>"; };
		367DB3B8253BF47900C1B0A0 /* ApiServiceRepository.swift */ = {isa = PBXFileReference; fileEncoding = 4; lastKnownFileType = sourcecode.swift; name = ApiServiceRepository.swift; path = model/repository/ApiServiceRepository.swift; sourceTree = "<group>"; };
		367DB3BB253BF49100C1B0A0 /* Status.swift */ = {isa = PBXFileReference; fileEncoding = 4; lastKnownFileType = sourcecode.swift; name = Status.swift; path = MusicDictionaryIOS/model/util/Status.swift; sourceTree = SOURCE_ROOT; };
		367DB3BC253BF49100C1B0A0 /* UserInfoChangeListUtil.swift */ = {isa = PBXFileReference; fileEncoding = 4; lastKnownFileType = sourcecode.swift; name = UserInfoChangeListUtil.swift; path = MusicDictionaryIOS/model/util/UserInfoChangeListUtil.swift; sourceTree = SOURCE_ROOT; };
		367DB3BD253BF49100C1B0A0 /* PropertyUtil.swift */ = {isa = PBXFileReference; fileEncoding = 4; lastKnownFileType = sourcecode.swift; name = PropertyUtil.swift; path = MusicDictionaryIOS/model/util/PropertyUtil.swift; sourceTree = SOURCE_ROOT; };
		367DB3C1253BF4AB00C1B0A0 /* ArtistsForm.swift */ = {isa = PBXFileReference; fileEncoding = 4; lastKnownFileType = sourcecode.swift; name = ArtistsForm.swift; path = model/entity/ArtistsForm.swift; sourceTree = "<group>"; };
		367DB3C3253BF4C700C1B0A0 /* MoyaCacheablePlugin.swift */ = {isa = PBXFileReference; fileEncoding = 4; lastKnownFileType = sourcecode.swift; name = MoyaCacheablePlugin.swift; path = MusicDictionaryIOS/model/net/MoyaCacheablePlugin.swift; sourceTree = SOURCE_ROOT; };
		367DB3C4253BF4C700C1B0A0 /* Provider.swift */ = {isa = PBXFileReference; fileEncoding = 4; lastKnownFileType = sourcecode.swift; name = Provider.swift; path = MusicDictionaryIOS/model/net/Provider.swift; sourceTree = SOURCE_ROOT; };
		367DB3C5253BF4C700C1B0A0 /* ErrorUseCase.swift */ = {isa = PBXFileReference; fileEncoding = 4; lastKnownFileType = sourcecode.swift; name = ErrorUseCase.swift; path = MusicDictionaryIOS/model/net/ErrorUseCase.swift; sourceTree = SOURCE_ROOT; };
		367DB3C6253BF4C700C1B0A0 /* ApiService.swift */ = {isa = PBXFileReference; fileEncoding = 4; lastKnownFileType = sourcecode.swift; name = ApiService.swift; path = MusicDictionaryIOS/model/net/ApiService.swift; sourceTree = SOURCE_ROOT; };
		367DB3CB253C4DFB00C1B0A0 /* MyPageArtistTableViewCell.swift */ = {isa = PBXFileReference; lastKnownFileType = sourcecode.swift; path = MyPageArtistTableViewCell.swift; sourceTree = "<group>"; };
		367DB3CD253C4EA200C1B0A0 /* MyPageArtistTableViewDataSource.swift */ = {isa = PBXFileReference; lastKnownFileType = sourcecode.swift; path = MyPageArtistTableViewDataSource.swift; sourceTree = "<group>"; };
		367DB3CF253C4F9100C1B0A0 /* MyPageArtistViewController.swift */ = {isa = PBXFileReference; lastKnownFileType = sourcecode.swift; path = MyPageArtistViewController.swift; sourceTree = "<group>"; };
		367DB3D1253C4FB400C1B0A0 /* MyPageArtistViewModel.swift */ = {isa = PBXFileReference; lastKnownFileType = sourcecode.swift; path = MyPageArtistViewModel.swift; sourceTree = "<group>"; };
		367DB3D3253C538400C1B0A0 /* UISearchBar+Extension.swift */ = {isa = PBXFileReference; fileEncoding = 4; lastKnownFileType = sourcecode.swift; name = "UISearchBar+Extension.swift"; path = "extension/UISearchBar+Extension.swift"; sourceTree = "<group>"; };
		367DB3D4253C538400C1B0A0 /* UIColor+Extension.swift */ = {isa = PBXFileReference; fileEncoding = 4; lastKnownFileType = sourcecode.swift; name = "UIColor+Extension.swift"; path = "extension/UIColor+Extension.swift"; sourceTree = "<group>"; };
		367DB3D7253C539400C1B0A0 /* HomeViewModel.swift */ = {isa = PBXFileReference; fileEncoding = 4; lastKnownFileType = sourcecode.swift; name = HomeViewModel.swift; path = home/HomeViewModel.swift; sourceTree = "<group>"; };
		367DB3D8253C539500C1B0A0 /* ResultTableViewDataSource.swift */ = {isa = PBXFileReference; fileEncoding = 4; lastKnownFileType = sourcecode.swift; name = ResultTableViewDataSource.swift; path = home/ResultTableViewDataSource.swift; sourceTree = "<group>"; };
		367DB3D9253C539500C1B0A0 /* HomeViewController.swift */ = {isa = PBXFileReference; fileEncoding = 4; lastKnownFileType = sourcecode.swift; name = HomeViewController.swift; path = home/HomeViewController.swift; sourceTree = "<group>"; };
		367DB3DA253C539500C1B0A0 /* ResultTableViewCell.swift */ = {isa = PBXFileReference; fileEncoding = 4; lastKnownFileType = sourcecode.swift; name = ResultTableViewCell.swift; path = home/ResultTableViewCell.swift; sourceTree = "<group>"; };
		36916F3C251ED3E900D43C34 /* R.generated.swift */ = {isa = PBXFileReference; fileEncoding = 4; lastKnownFileType = sourcecode.swift; path = R.generated.swift; sourceTree = "<group>"; };
		7DAEA2F9F762013C1DA407B9 /* Pods-MusicDictionaryIOS.staging.xcconfig */ = {isa = PBXFileReference; includeInIndex = 1; lastKnownFileType = text.xcconfig; name = "Pods-MusicDictionaryIOS.staging.xcconfig"; path = "Target Support Files/Pods-MusicDictionaryIOS/Pods-MusicDictionaryIOS.staging.xcconfig"; sourceTree = "<group>"; };
		9163A1BFBC8D4E76BB1EF619 /* Pods-MusicDictionaryIOSTests.staging.xcconfig */ = {isa = PBXFileReference; includeInIndex = 1; lastKnownFileType = text.xcconfig; name = "Pods-MusicDictionaryIOSTests.staging.xcconfig"; path = "Target Support Files/Pods-MusicDictionaryIOSTests/Pods-MusicDictionaryIOSTests.staging.xcconfig"; sourceTree = "<group>"; };
		97400FC0F1281E0E0C4DC73A /* Pods-MusicDictionaryIOS.develop.xcconfig */ = {isa = PBXFileReference; includeInIndex = 1; lastKnownFileType = text.xcconfig; name = "Pods-MusicDictionaryIOS.develop.xcconfig"; path = "Target Support Files/Pods-MusicDictionaryIOS/Pods-MusicDictionaryIOS.develop.xcconfig"; sourceTree = "<group>"; };
		A19327F682E6FBE5B3A22B78 /* Pods_MusicDictionaryIOSTests.framework */ = {isa = PBXFileReference; explicitFileType = wrapper.framework; includeInIndex = 0; path = Pods_MusicDictionaryIOSTests.framework; sourceTree = BUILT_PRODUCTS_DIR; };
		A213F63FA82488032707777E /* Pods-MusicDictionaryIOS-MusicDictionaryIOSUITests.release.xcconfig */ = {isa = PBXFileReference; includeInIndex = 1; lastKnownFileType = text.xcconfig; name = "Pods-MusicDictionaryIOS-MusicDictionaryIOSUITests.release.xcconfig"; path = "Target Support Files/Pods-MusicDictionaryIOS-MusicDictionaryIOSUITests/Pods-MusicDictionaryIOS-MusicDictionaryIOSUITests.release.xcconfig"; sourceTree = "<group>"; };
		B866B2E3614506157AE89701 /* Pods_MusicDictionaryIOS.framework */ = {isa = PBXFileReference; explicitFileType = wrapper.framework; includeInIndex = 0; path = Pods_MusicDictionaryIOS.framework; sourceTree = BUILT_PRODUCTS_DIR; };
		D7569079AA6318D0EF156282 /* Pods-MusicDictionaryIOS.debug.xcconfig */ = {isa = PBXFileReference; includeInIndex = 1; lastKnownFileType = text.xcconfig; name = "Pods-MusicDictionaryIOS.debug.xcconfig"; path = "Target Support Files/Pods-MusicDictionaryIOS/Pods-MusicDictionaryIOS.debug.xcconfig"; sourceTree = "<group>"; };
		E28EFB91EFB74A740FBC6C50 /* Pods-MusicDictionaryIOS-MusicDictionaryIOSUITests.staging.xcconfig */ = {isa = PBXFileReference; includeInIndex = 1; lastKnownFileType = text.xcconfig; name = "Pods-MusicDictionaryIOS-MusicDictionaryIOSUITests.staging.xcconfig"; path = "Target Support Files/Pods-MusicDictionaryIOS-MusicDictionaryIOSUITests/Pods-MusicDictionaryIOS-MusicDictionaryIOSUITests.staging.xcconfig"; sourceTree = "<group>"; };
		EBA363F6D7F9025578865964 /* Pods-MusicDictionaryIOS-MusicDictionaryIOSUITests.debug.xcconfig */ = {isa = PBXFileReference; includeInIndex = 1; lastKnownFileType = text.xcconfig; name = "Pods-MusicDictionaryIOS-MusicDictionaryIOSUITests.debug.xcconfig"; path = "Target Support Files/Pods-MusicDictionaryIOS-MusicDictionaryIOSUITests/Pods-MusicDictionaryIOS-MusicDictionaryIOSUITests.debug.xcconfig"; sourceTree = "<group>"; };
		F0940702676F262E949CDD18 /* Pods-MusicDictionaryIOS.release.xcconfig */ = {isa = PBXFileReference; includeInIndex = 1; lastKnownFileType = text.xcconfig; name = "Pods-MusicDictionaryIOS.release.xcconfig"; path = "Target Support Files/Pods-MusicDictionaryIOS/Pods-MusicDictionaryIOS.release.xcconfig"; sourceTree = "<group>"; };
/* End PBXFileReference section */

/* Begin PBXFrameworksBuildPhase section */
		3660BD47251B1F0000ED8241 /* Frameworks */ = {
			isa = PBXFrameworksBuildPhase;
			buildActionMask = 2147483647;
			files = (
				FB1B9A722DDE6AF12EC33813 /* Pods_MusicDictionaryIOS.framework in Frameworks */,
			);
			runOnlyForDeploymentPostprocessing = 0;
		};
		3660BD5D251B1F0100ED8241 /* Frameworks */ = {
			isa = PBXFrameworksBuildPhase;
			buildActionMask = 2147483647;
			files = (
				C8917F6FF597D69FCE9EB77B /* Pods_MusicDictionaryIOSTests.framework in Frameworks */,
			);
			runOnlyForDeploymentPostprocessing = 0;
		};
		3660BD68251B1F0200ED8241 /* Frameworks */ = {
			isa = PBXFrameworksBuildPhase;
			buildActionMask = 2147483647;
			files = (
				CD526F9AA34C80C3A3FB1AF2 /* Pods_MusicDictionaryIOS_MusicDictionaryIOSUITests.framework in Frameworks */,
			);
			runOnlyForDeploymentPostprocessing = 0;
		};
/* End PBXFrameworksBuildPhase section */

/* Begin PBXGroup section */
		3660BD41251B1F0000ED8241 = {
			isa = PBXGroup;
			children = (
				3660BD4C251B1F0000ED8241 /* MusicDictionaryIOS */,
				3660BD63251B1F0100ED8241 /* MusicDictionaryIOSTests */,
				3660BD6E251B1F0200ED8241 /* MusicDictionaryIOSUITests */,
				3660BD4B251B1F0000ED8241 /* Products */,
				401EDC5D04FA99F417034800 /* Pods */,
				AAF3E7EDA2E15C46E8B05434 /* Frameworks */,
			);
			sourceTree = "<group>";
		};
		3660BD4B251B1F0000ED8241 /* Products */ = {
			isa = PBXGroup;
			children = (
				3660BD4A251B1F0000ED8241 /* MusicDictionaryIOS.app */,
				3660BD60251B1F0100ED8241 /* MusicDictionaryIOSTests.xctest */,
				3660BD6B251B1F0200ED8241 /* MusicDictionaryIOSUITests.xctest */,
			);
			name = Products;
			sourceTree = "<group>";
		};
		3660BD4C251B1F0000ED8241 /* MusicDictionaryIOS */ = {
			isa = PBXGroup;
			children = (
				3660BD7D251B1F1400ED8241 /* model */,
				3660BD8D251B213D00ED8241 /* ui */,
				3660BD92251B2CA100ED8241 /* Resource */,
				3660BDA2251B3B5200ED8241 /* Generated */,
			);
			path = MusicDictionaryIOS;
			sourceTree = "<group>";
		};
		3660BD63251B1F0100ED8241 /* MusicDictionaryIOSTests */ = {
			isa = PBXGroup;
			children = (
				3660BD64251B1F0100ED8241 /* MusicDictionaryIOSTests.swift */,
				3660BD66251B1F0100ED8241 /* Info.plist */,
			);
			path = MusicDictionaryIOSTests;
			sourceTree = "<group>";
		};
		3660BD6E251B1F0200ED8241 /* MusicDictionaryIOSUITests */ = {
			isa = PBXGroup;
			children = (
				3660BD6F251B1F0200ED8241 /* MusicDictionaryIOSUITests.swift */,
				3660BD71251B1F0200ED8241 /* Info.plist */,
			);
			path = MusicDictionaryIOSUITests;
			sourceTree = "<group>";
		};
		3660BD7D251B1F1400ED8241 /* model */ = {
			isa = PBXGroup;
			children = (
				3660BD80251B1F3800ED8241 /* entity */,
				3660BD7E251B1F2A00ED8241 /* net */,
				3660BD7F251B1F2F00ED8241 /* repository */,
				3660BDA3251B3BC300ED8241 /* util */,
			);
			name = model;
			sourceTree = "<group>";
		};
		3660BD7E251B1F2A00ED8241 /* net */ = {
			isa = PBXGroup;
			children = (
				367DB3C6253BF4C700C1B0A0 /* ApiService.swift */,
				367DB3C5253BF4C700C1B0A0 /* ErrorUseCase.swift */,
				367DB3C3253BF4C700C1B0A0 /* MoyaCacheablePlugin.swift */,
				367DB3C4253BF4C700C1B0A0 /* Provider.swift */,
			);
			path = net;
			sourceTree = "<group>";
		};
		3660BD7F251B1F2F00ED8241 /* repository */ = {
			isa = PBXGroup;
			children = (
				367DB3B8253BF47900C1B0A0 /* ApiServiceRepository.swift */,
				367DB3B7253BF47900C1B0A0 /* UserDefaultsRepository.swift */,
			);
			name = repository;
			sourceTree = "<group>";
		};
		3660BD80251B1F3800ED8241 /* entity */ = {
			isa = PBXGroup;
			children = (
				367DB3C1253BF4AB00C1B0A0 /* ArtistsForm.swift */,
			);
			name = entity;
			sourceTree = "<group>";
		};
		3660BD8D251B213D00ED8241 /* ui */ = {
			isa = PBXGroup;
			children = (
				3660BD4D251B1F0000ED8241 /* AppDelegate.swift */,
				3660BD51251B1F0000ED8241 /* ViewController.swift */,
				3660BD4F251B1F0000ED8241 /* SceneDelegate.swift */,
				3660BD53251B1F0100ED8241 /* Main.storyboard */,
				3660BD58251B1F0100ED8241 /* LaunchScreen.storyboard */,
				3660BD93251B2CCC00ED8241 /* home */,
				367DB3A8253BD69900C1B0A0 /* mypage */,
				3666CA95251D8199001FF648 /* custom */,
				3666CA98251DC174001FF648 /* Extension */,
			);
			path = ui;
			sourceTree = "<group>";
		};
		3660BD92251B2CA100ED8241 /* Resource */ = {
			isa = PBXGroup;
			children = (
				3666CA80251B7A5A001FF648 /* app-develop.plist */,
				3666CA81251B7A5A001FF648 /* app-staging.plist */,
				3660BD56251B1F0100ED8241 /* Assets.xcassets */,
				3660BD5B251B1F0100ED8241 /* Info.plist */,
			);
			name = Resource;
			sourceTree = "<group>";
		};
		3660BD93251B2CCC00ED8241 /* home */ = {
			isa = PBXGroup;
			children = (
				3666CA8C251C3172001FF648 /* Home.storyboard */,
				367DB3D9253C539500C1B0A0 /* HomeViewController.swift */,
				367DB3D7253C539400C1B0A0 /* HomeViewModel.swift */,
				3666CA9D251E07C8001FF648 /* ResultViewController.swift */,
				3666CAA1251E0802001FF648 /* ResultViewModel.swift */,
				367DB3DA253C539500C1B0A0 /* ResultTableViewCell.swift */,
				367DB3D8253C539500C1B0A0 /* ResultTableViewDataSource.swift */,
			);
			name = home;
			sourceTree = "<group>";
		};
		3660BDA2251B3B5200ED8241 /* Generated */ = {
			isa = PBXGroup;
			children = (
				36916F3C251ED3E900D43C34 /* R.generated.swift */,
				3666CA8A251B82BA001FF648 /* app.plist */,
			);
			path = Generated;
			sourceTree = "<group>";
		};
		3660BDA3251B3BC300ED8241 /* util */ = {
			isa = PBXGroup;
			children = (
				367DB3BD253BF49100C1B0A0 /* PropertyUtil.swift */,
				367DB3BB253BF49100C1B0A0 /* Status.swift */,
				367DB3BC253BF49100C1B0A0 /* UserInfoChangeListUtil.swift */,
			);
			path = util;
			sourceTree = "<group>";
		};
		3666CA95251D8199001FF648 /* custom */ = {
			isa = PBXGroup;
			children = (
				3666CA96251D8228001FF648 /* RoundedButton.swift */,
				367DB3AD253BDE8000C1B0A0 /* RoundedView.swift */,
			);
			path = custom;
			sourceTree = "<group>";
		};
		3666CA98251DC174001FF648 /* Extension */ = {
			isa = PBXGroup;
			children = (
				367DB3D4253C538400C1B0A0 /* UIColor+Extension.swift */,
				367DB3D3253C538400C1B0A0 /* UISearchBar+Extension.swift */,
			);
			name = Extension;
			sourceTree = "<group>";
		};
		367DB3A8253BD69900C1B0A0 /* mypage */ = {
			isa = PBXGroup;
			children = (
				367DB3AB253BD75D00C1B0A0 /* MyPage.storyboard */,
				367DB3A9253BD70900C1B0A0 /* MyPageTopViewController.swift */,
				367DB3AF253BE11C00C1B0A0 /* MyPageTopViewModel.swift */,
				367DB3B1253BE71400C1B0A0 /* MyPageUserViewController.swift */,
				367DB3B3253BE73200C1B0A0 /* MyPageUserViewModel.swift */,
				367DB3CF253C4F9100C1B0A0 /* MyPageArtistViewController.swift */,
				367DB3D1253C4FB400C1B0A0 /* MyPageArtistViewModel.swift */,
				367DB3CB253C4DFB00C1B0A0 /* MyPageArtistTableViewCell.swift */,
				367DB3CD253C4EA200C1B0A0 /* MyPageArtistTableViewDataSource.swift */,
			);
			path = mypage;
			sourceTree = "<group>";
		};
		401EDC5D04FA99F417034800 /* Pods */ = {
			isa = PBXGroup;
			children = (
				D7569079AA6318D0EF156282 /* Pods-MusicDictionaryIOS.debug.xcconfig */,
				F0940702676F262E949CDD18 /* Pods-MusicDictionaryIOS.release.xcconfig */,
				EBA363F6D7F9025578865964 /* Pods-MusicDictionaryIOS-MusicDictionaryIOSUITests.debug.xcconfig */,
				A213F63FA82488032707777E /* Pods-MusicDictionaryIOS-MusicDictionaryIOSUITests.release.xcconfig */,
				1BD954C4DF0C947A6DC43DDC /* Pods-MusicDictionaryIOSTests.debug.xcconfig */,
				0C044D5D06A8C4FFC4FF22B0 /* Pods-MusicDictionaryIOSTests.release.xcconfig */,
				7DAEA2F9F762013C1DA407B9 /* Pods-MusicDictionaryIOS.staging.xcconfig */,
				97400FC0F1281E0E0C4DC73A /* Pods-MusicDictionaryIOS.develop.xcconfig */,
				E28EFB91EFB74A740FBC6C50 /* Pods-MusicDictionaryIOS-MusicDictionaryIOSUITests.staging.xcconfig */,
				333586B02F47E0AD8F0D682D /* Pods-MusicDictionaryIOS-MusicDictionaryIOSUITests.develop.xcconfig */,
				9163A1BFBC8D4E76BB1EF619 /* Pods-MusicDictionaryIOSTests.staging.xcconfig */,
				2C1E132C3A81902914F67CFD /* Pods-MusicDictionaryIOSTests.develop.xcconfig */,
			);
			path = Pods;
			sourceTree = "<group>";
		};
		AAF3E7EDA2E15C46E8B05434 /* Frameworks */ = {
			isa = PBXGroup;
			children = (
				B866B2E3614506157AE89701 /* Pods_MusicDictionaryIOS.framework */,
				1AEF1E05683601493C1F9F5B /* Pods_MusicDictionaryIOS_MusicDictionaryIOSUITests.framework */,
				A19327F682E6FBE5B3A22B78 /* Pods_MusicDictionaryIOSTests.framework */,
			);
			name = Frameworks;
			sourceTree = "<group>";
		};
/* End PBXGroup section */

/* Begin PBXNativeTarget section */
		3660BD49251B1F0000ED8241 /* MusicDictionaryIOS */ = {
			isa = PBXNativeTarget;
			buildConfigurationList = 3660BD74251B1F0200ED8241 /* Build configuration list for PBXNativeTarget "MusicDictionaryIOS" */;
			buildPhases = (
				EC184AEAD5ED705989567045 /* [CP] Check Pods Manifest.lock */,
				3660BDA1251B38D400ED8241 /* App Config Copy */,
				3660BDA7251B3EE300ED8241 /* R.swift Run Script */,
				3660BD46251B1F0000ED8241 /* Sources */,
				3660BD47251B1F0000ED8241 /* Frameworks */,
				3660BD48251B1F0000ED8241 /* Resources */,
				99736AC1ACE4A1C314209C18 /* [CP] Embed Pods Frameworks */,
			);
			buildRules = (
			);
			dependencies = (
			);
			name = MusicDictionaryIOS;
			productName = MusicDictionaryIOS;
			productReference = 3660BD4A251B1F0000ED8241 /* MusicDictionaryIOS.app */;
			productType = "com.apple.product-type.application";
		};
		3660BD5F251B1F0100ED8241 /* MusicDictionaryIOSTests */ = {
			isa = PBXNativeTarget;
			buildConfigurationList = 3660BD77251B1F0200ED8241 /* Build configuration list for PBXNativeTarget "MusicDictionaryIOSTests" */;
			buildPhases = (
				B34581C205A180E7614A0736 /* [CP] Check Pods Manifest.lock */,
				3660BD5C251B1F0100ED8241 /* Sources */,
				3660BD5D251B1F0100ED8241 /* Frameworks */,
				3660BD5E251B1F0100ED8241 /* Resources */,
			);
			buildRules = (
			);
			dependencies = (
				3660BD62251B1F0100ED8241 /* PBXTargetDependency */,
			);
			name = MusicDictionaryIOSTests;
			productName = MusicDictionaryIOSTests;
			productReference = 3660BD60251B1F0100ED8241 /* MusicDictionaryIOSTests.xctest */;
			productType = "com.apple.product-type.bundle.unit-test";
		};
		3660BD6A251B1F0200ED8241 /* MusicDictionaryIOSUITests */ = {
			isa = PBXNativeTarget;
			buildConfigurationList = 3660BD7A251B1F0200ED8241 /* Build configuration list for PBXNativeTarget "MusicDictionaryIOSUITests" */;
			buildPhases = (
				4CC0B938365D1C9D7E98A53B /* [CP] Check Pods Manifest.lock */,
				3660BD67251B1F0200ED8241 /* Sources */,
				3660BD68251B1F0200ED8241 /* Frameworks */,
				3660BD69251B1F0200ED8241 /* Resources */,
				5B85D0FD328725AE3AF0824C /* [CP] Embed Pods Frameworks */,
			);
			buildRules = (
			);
			dependencies = (
				3660BD6D251B1F0200ED8241 /* PBXTargetDependency */,
			);
			name = MusicDictionaryIOSUITests;
			productName = MusicDictionaryIOSUITests;
			productReference = 3660BD6B251B1F0200ED8241 /* MusicDictionaryIOSUITests.xctest */;
			productType = "com.apple.product-type.bundle.ui-testing";
		};
/* End PBXNativeTarget section */

/* Begin PBXProject section */
		3660BD42251B1F0000ED8241 /* Project object */ = {
			isa = PBXProject;
			attributes = {
				LastSwiftUpdateCheck = 1150;
				LastUpgradeCheck = 1150;
				ORGANIZATIONNAME = "林敏生";
				TargetAttributes = {
					3660BD49251B1F0000ED8241 = {
						CreatedOnToolsVersion = 11.5;
						LastSwiftMigration = 1150;
					};
					3660BD5F251B1F0100ED8241 = {
						CreatedOnToolsVersion = 11.5;
						TestTargetID = 3660BD49251B1F0000ED8241;
					};
					3660BD6A251B1F0200ED8241 = {
						CreatedOnToolsVersion = 11.5;
						TestTargetID = 3660BD49251B1F0000ED8241;
					};
				};
			};
			buildConfigurationList = 3660BD45251B1F0000ED8241 /* Build configuration list for PBXProject "MusicDictionaryIOS" */;
			compatibilityVersion = "Xcode 9.3";
			developmentRegion = en;
			hasScannedForEncodings = 0;
			knownRegions = (
				en,
				Base,
			);
			mainGroup = 3660BD41251B1F0000ED8241;
			productRefGroup = 3660BD4B251B1F0000ED8241 /* Products */;
			projectDirPath = "";
			projectRoot = "";
			targets = (
				3660BD49251B1F0000ED8241 /* MusicDictionaryIOS */,
				3660BD5F251B1F0100ED8241 /* MusicDictionaryIOSTests */,
				3660BD6A251B1F0200ED8241 /* MusicDictionaryIOSUITests */,
			);
		};
/* End PBXProject section */

/* Begin PBXResourcesBuildPhase section */
		3660BD48251B1F0000ED8241 /* Resources */ = {
			isa = PBXResourcesBuildPhase;
			buildActionMask = 2147483647;
			files = (
				3666CA8D251C3172001FF648 /* Home.storyboard in Resources */,
				3666CA83251B7A5A001FF648 /* app-staging.plist in Resources */,
				3660BD5A251B1F0100ED8241 /* LaunchScreen.storyboard in Resources */,
				367DB3AC253BD75D00C1B0A0 /* MyPage.storyboard in Resources */,
				3660BD57251B1F0100ED8241 /* Assets.xcassets in Resources */,
				3666CA82251B7A5A001FF648 /* app-develop.plist in Resources */,
				3666CA8B251B82BA001FF648 /* app.plist in Resources */,
				3660BD55251B1F0100ED8241 /* Main.storyboard in Resources */,
			);
			runOnlyForDeploymentPostprocessing = 0;
		};
		3660BD5E251B1F0100ED8241 /* Resources */ = {
			isa = PBXResourcesBuildPhase;
			buildActionMask = 2147483647;
			files = (
			);
			runOnlyForDeploymentPostprocessing = 0;
		};
		3660BD69251B1F0200ED8241 /* Resources */ = {
			isa = PBXResourcesBuildPhase;
			buildActionMask = 2147483647;
			files = (
			);
			runOnlyForDeploymentPostprocessing = 0;
		};
/* End PBXResourcesBuildPhase section */

/* Begin PBXShellScriptBuildPhase section */
		3660BDA1251B38D400ED8241 /* App Config Copy */ = {
			isa = PBXShellScriptBuildPhase;
			buildActionMask = 2147483647;
			files = (
			);
			inputFileListPaths = (
			);
			inputPaths = (
			);
			name = "App Config Copy";
			outputFileListPaths = (
			);
			outputPaths = (
				$SRCROOT/MusicDictionaryIOS/Generated/app.plist,
			);
			runOnlyForDeploymentPostprocessing = 0;
			shellPath = /bin/sh;
			shellScript = "mkdir -p \"${PROJECT_DIR}/${PROJECT_NAME}/Generated\"\nif [ \"${CONFIGURATION}\" == \"Develop\" ]; then\ncp -f  \"${PROJECT_DIR}/${PROJECT_NAME}/Resource/app-develop.plist\" \"${PROJECT_DIR}/${PROJECT_NAME}/Generated/app.plist\"\necho \"Develop app.plist copied.\"\nelif [ \"${CONFIGURATION}\" == \"Staging\" ]; then\ncp -f  \"${PROJECT_DIR}/${PROJECT_NAME}/Resource/app-staging.plist\" \"${PROJECT_DIR}/${PROJECT_NAME}/Generated/app.plist\"\necho \"Staging app.plist copied.\"\nelse \ncp -f  \"${PROJECT_DIR}/${PROJECT_NAME}/Resource/app-develop.plist\" \"${PROJECT_DIR}/${PROJECT_NAME}/Generated/app.plist\"\necho \"Staging app.plist copied.\"\nfi\n";
		};
		3660BDA7251B3EE300ED8241 /* R.swift Run Script */ = {
			isa = PBXShellScriptBuildPhase;
			buildActionMask = 2147483647;
			files = (
			);
			inputFileListPaths = (
			);
			inputPaths = (
				"$TEMP_DIR/rswift-lastrun",
			);
			name = "R.swift Run Script";
			outputFileListPaths = (
			);
			outputPaths = (
				$SRCROOT/MusicDictionaryIOS/Generated/R.generated.swift,
			);
			runOnlyForDeploymentPostprocessing = 0;
			shellPath = /bin/sh;
			shellScript = "# Type a script or drag a script file from your workspace to insert its path.\n\"$PODS_ROOT/R.swift/rswift\" generate \"$SRCROOT/MusicDictionaryIOS/Generated/R.generated.swift\"\n";
		};
		4CC0B938365D1C9D7E98A53B /* [CP] Check Pods Manifest.lock */ = {
			isa = PBXShellScriptBuildPhase;
			buildActionMask = 2147483647;
			files = (
			);
			inputFileListPaths = (
			);
			inputPaths = (
				"${PODS_PODFILE_DIR_PATH}/Podfile.lock",
				"${PODS_ROOT}/Manifest.lock",
			);
			name = "[CP] Check Pods Manifest.lock";
			outputFileListPaths = (
			);
			outputPaths = (
				"$(DERIVED_FILE_DIR)/Pods-MusicDictionaryIOS-MusicDictionaryIOSUITests-checkManifestLockResult.txt",
			);
			runOnlyForDeploymentPostprocessing = 0;
			shellPath = /bin/sh;
			shellScript = "diff \"${PODS_PODFILE_DIR_PATH}/Podfile.lock\" \"${PODS_ROOT}/Manifest.lock\" > /dev/null\nif [ $? != 0 ] ; then\n    # print error to STDERR\n    echo \"error: The sandbox is not in sync with the Podfile.lock. Run 'pod install' or update your CocoaPods installation.\" >&2\n    exit 1\nfi\n# This output is used by Xcode 'outputs' to avoid re-running this script phase.\necho \"SUCCESS\" > \"${SCRIPT_OUTPUT_FILE_0}\"\n";
			showEnvVarsInLog = 0;
		};
		5B85D0FD328725AE3AF0824C /* [CP] Embed Pods Frameworks */ = {
			isa = PBXShellScriptBuildPhase;
			buildActionMask = 2147483647;
			files = (
			);
			inputFileListPaths = (
				"${PODS_ROOT}/Target Support Files/Pods-MusicDictionaryIOS-MusicDictionaryIOSUITests/Pods-MusicDictionaryIOS-MusicDictionaryIOSUITests-frameworks-${CONFIGURATION}-input-files.xcfilelist",
			);
			name = "[CP] Embed Pods Frameworks";
			outputFileListPaths = (
				"${PODS_ROOT}/Target Support Files/Pods-MusicDictionaryIOS-MusicDictionaryIOSUITests/Pods-MusicDictionaryIOS-MusicDictionaryIOSUITests-frameworks-${CONFIGURATION}-output-files.xcfilelist",
			);
			runOnlyForDeploymentPostprocessing = 0;
			shellPath = /bin/sh;
			shellScript = "\"${PODS_ROOT}/Target Support Files/Pods-MusicDictionaryIOS-MusicDictionaryIOSUITests/Pods-MusicDictionaryIOS-MusicDictionaryIOSUITests-frameworks.sh\"\n";
			showEnvVarsInLog = 0;
		};
		99736AC1ACE4A1C314209C18 /* [CP] Embed Pods Frameworks */ = {
			isa = PBXShellScriptBuildPhase;
			buildActionMask = 2147483647;
			files = (
			);
			inputFileListPaths = (
				"${PODS_ROOT}/Target Support Files/Pods-MusicDictionaryIOS/Pods-MusicDictionaryIOS-frameworks-${CONFIGURATION}-input-files.xcfilelist",
			);
			name = "[CP] Embed Pods Frameworks";
			outputFileListPaths = (
				"${PODS_ROOT}/Target Support Files/Pods-MusicDictionaryIOS/Pods-MusicDictionaryIOS-frameworks-${CONFIGURATION}-output-files.xcfilelist",
			);
			runOnlyForDeploymentPostprocessing = 0;
			shellPath = /bin/sh;
			shellScript = "\"${PODS_ROOT}/Target Support Files/Pods-MusicDictionaryIOS/Pods-MusicDictionaryIOS-frameworks.sh\"\n";
			showEnvVarsInLog = 0;
		};
		B34581C205A180E7614A0736 /* [CP] Check Pods Manifest.lock */ = {
			isa = PBXShellScriptBuildPhase;
			buildActionMask = 2147483647;
			files = (
			);
			inputFileListPaths = (
			);
			inputPaths = (
				"${PODS_PODFILE_DIR_PATH}/Podfile.lock",
				"${PODS_ROOT}/Manifest.lock",
			);
			name = "[CP] Check Pods Manifest.lock";
			outputFileListPaths = (
			);
			outputPaths = (
				"$(DERIVED_FILE_DIR)/Pods-MusicDictionaryIOSTests-checkManifestLockResult.txt",
			);
			runOnlyForDeploymentPostprocessing = 0;
			shellPath = /bin/sh;
			shellScript = "diff \"${PODS_PODFILE_DIR_PATH}/Podfile.lock\" \"${PODS_ROOT}/Manifest.lock\" > /dev/null\nif [ $? != 0 ] ; then\n    # print error to STDERR\n    echo \"error: The sandbox is not in sync with the Podfile.lock. Run 'pod install' or update your CocoaPods installation.\" >&2\n    exit 1\nfi\n# This output is used by Xcode 'outputs' to avoid re-running this script phase.\necho \"SUCCESS\" > \"${SCRIPT_OUTPUT_FILE_0}\"\n";
			showEnvVarsInLog = 0;
		};
		EC184AEAD5ED705989567045 /* [CP] Check Pods Manifest.lock */ = {
			isa = PBXShellScriptBuildPhase;
			buildActionMask = 2147483647;
			files = (
			);
			inputFileListPaths = (
			);
			inputPaths = (
				"${PODS_PODFILE_DIR_PATH}/Podfile.lock",
				"${PODS_ROOT}/Manifest.lock",
			);
			name = "[CP] Check Pods Manifest.lock";
			outputFileListPaths = (
			);
			outputPaths = (
				"$(DERIVED_FILE_DIR)/Pods-MusicDictionaryIOS-checkManifestLockResult.txt",
			);
			runOnlyForDeploymentPostprocessing = 0;
			shellPath = /bin/sh;
			shellScript = "diff \"${PODS_PODFILE_DIR_PATH}/Podfile.lock\" \"${PODS_ROOT}/Manifest.lock\" > /dev/null\nif [ $? != 0 ] ; then\n    # print error to STDERR\n    echo \"error: The sandbox is not in sync with the Podfile.lock. Run 'pod install' or update your CocoaPods installation.\" >&2\n    exit 1\nfi\n# This output is used by Xcode 'outputs' to avoid re-running this script phase.\necho \"SUCCESS\" > \"${SCRIPT_OUTPUT_FILE_0}\"\n";
			showEnvVarsInLog = 0;
		};
/* End PBXShellScriptBuildPhase section */

/* Begin PBXSourcesBuildPhase section */
		3660BD46251B1F0000ED8241 /* Sources */ = {
			isa = PBXSourcesBuildPhase;
			buildActionMask = 2147483647;
			files = (
				367DB3B0253BE11C00C1B0A0 /* MyPageTopViewModel.swift in Sources */,
				367DB3B4253BE73200C1B0A0 /* MyPageUserViewModel.swift in Sources */,
				367DB3DD253C539500C1B0A0 /* HomeViewController.swift in Sources */,
				367DB3B9253BF47900C1B0A0 /* UserDefaultsRepository.swift in Sources */,
				367DB3BF253BF49100C1B0A0 /* UserInfoChangeListUtil.swift in Sources */,
				367DB3CC253C4DFB00C1B0A0 /* MyPageArtistTableViewCell.swift in Sources */,
				367DB3BE253BF49100C1B0A0 /* Status.swift in Sources */,
				367DB3C0253BF49100C1B0A0 /* PropertyUtil.swift in Sources */,
				367DB3D6253C538400C1B0A0 /* UIColor+Extension.swift in Sources */,
				3666CA97251D8228001FF648 /* RoundedButton.swift in Sources */,
				367DB3AE253BDE8000C1B0A0 /* RoundedView.swift in Sources */,
				367DB3D5253C538400C1B0A0 /* UISearchBar+Extension.swift in Sources */,
				367DB3C9253BF4C700C1B0A0 /* ErrorUseCase.swift in Sources */,
				36916F3D251ED3E900D43C34 /* R.generated.swift in Sources */,
				3666CAA2251E0802001FF648 /* ResultViewModel.swift in Sources */,
				367DB3C2253BF4AB00C1B0A0 /* ArtistsForm.swift in Sources */,
				367DB3DB253C539500C1B0A0 /* HomeViewModel.swift in Sources */,
				367DB3C7253BF4C700C1B0A0 /* MoyaCacheablePlugin.swift in Sources */,
				367DB3AA253BD70900C1B0A0 /* MyPageTopViewController.swift in Sources */,
				367DB3D0253C4F9100C1B0A0 /* MyPageArtistViewController.swift in Sources */,
				3660BD52251B1F0000ED8241 /* ViewController.swift in Sources */,
				3660BD4E251B1F0000ED8241 /* AppDelegate.swift in Sources */,
				367DB3DE253C539500C1B0A0 /* ResultTableViewCell.swift in Sources */,
				367DB3CE253C4EA200C1B0A0 /* MyPageArtistTableViewDataSource.swift in Sources */,
				367DB3BA253BF47900C1B0A0 /* ApiServiceRepository.swift in Sources */,
				367DB3C8253BF4C700C1B0A0 /* Provider.swift in Sources */,
				367DB3B2253BE71400C1B0A0 /* MyPageUserViewController.swift in Sources */,
				367DB3DC253C539500C1B0A0 /* ResultTableViewDataSource.swift in Sources */,
				367DB3D2253C4FB400C1B0A0 /* MyPageArtistViewModel.swift in Sources */,
				3660BD50251B1F0000ED8241 /* SceneDelegate.swift in Sources */,
				367DB3CA253BF4C700C1B0A0 /* ApiService.swift in Sources */,
				3666CA9E251E07C8001FF648 /* ResultViewController.swift in Sources */,
			);
			runOnlyForDeploymentPostprocessing = 0;
		};
		3660BD5C251B1F0100ED8241 /* Sources */ = {
			isa = PBXSourcesBuildPhase;
			buildActionMask = 2147483647;
			files = (
				3660BD65251B1F0100ED8241 /* MusicDictionaryIOSTests.swift in Sources */,
			);
			runOnlyForDeploymentPostprocessing = 0;
		};
		3660BD67251B1F0200ED8241 /* Sources */ = {
			isa = PBXSourcesBuildPhase;
			buildActionMask = 2147483647;
			files = (
				3660BD70251B1F0200ED8241 /* MusicDictionaryIOSUITests.swift in Sources */,
			);
			runOnlyForDeploymentPostprocessing = 0;
		};
/* End PBXSourcesBuildPhase section */

/* Begin PBXTargetDependency section */
		3660BD62251B1F0100ED8241 /* PBXTargetDependency */ = {
			isa = PBXTargetDependency;
			target = 3660BD49251B1F0000ED8241 /* MusicDictionaryIOS */;
			targetProxy = 3660BD61251B1F0100ED8241 /* PBXContainerItemProxy */;
		};
		3660BD6D251B1F0200ED8241 /* PBXTargetDependency */ = {
			isa = PBXTargetDependency;
			target = 3660BD49251B1F0000ED8241 /* MusicDictionaryIOS */;
			targetProxy = 3660BD6C251B1F0200ED8241 /* PBXContainerItemProxy */;
		};
/* End PBXTargetDependency section */

/* Begin PBXVariantGroup section */
		3660BD53251B1F0100ED8241 /* Main.storyboard */ = {
			isa = PBXVariantGroup;
			children = (
				3660BD54251B1F0100ED8241 /* Base */,
			);
			name = Main.storyboard;
			sourceTree = "<group>";
		};
		3660BD58251B1F0100ED8241 /* LaunchScreen.storyboard */ = {
			isa = PBXVariantGroup;
			children = (
				3660BD59251B1F0100ED8241 /* Base */,
			);
			name = LaunchScreen.storyboard;
			sourceTree = "<group>";
		};
/* End PBXVariantGroup section */

/* Begin XCBuildConfiguration section */
		3660BD72251B1F0200ED8241 /* Debug */ = {
			isa = XCBuildConfiguration;
			buildSettings = {
				ALWAYS_SEARCH_USER_PATHS = NO;
				CLANG_ANALYZER_NONNULL = YES;
				CLANG_ANALYZER_NUMBER_OBJECT_CONVERSION = YES_AGGRESSIVE;
				CLANG_CXX_LANGUAGE_STANDARD = "gnu++14";
				CLANG_CXX_LIBRARY = "libc++";
				CLANG_ENABLE_MODULES = YES;
				CLANG_ENABLE_OBJC_ARC = YES;
				CLANG_ENABLE_OBJC_WEAK = YES;
				CLANG_WARN_BLOCK_CAPTURE_AUTORELEASING = YES;
				CLANG_WARN_BOOL_CONVERSION = YES;
				CLANG_WARN_COMMA = YES;
				CLANG_WARN_CONSTANT_CONVERSION = YES;
				CLANG_WARN_DEPRECATED_OBJC_IMPLEMENTATIONS = YES;
				CLANG_WARN_DIRECT_OBJC_ISA_USAGE = YES_ERROR;
				CLANG_WARN_DOCUMENTATION_COMMENTS = YES;
				CLANG_WARN_EMPTY_BODY = YES;
				CLANG_WARN_ENUM_CONVERSION = YES;
				CLANG_WARN_INFINITE_RECURSION = YES;
				CLANG_WARN_INT_CONVERSION = YES;
				CLANG_WARN_NON_LITERAL_NULL_CONVERSION = YES;
				CLANG_WARN_OBJC_IMPLICIT_RETAIN_SELF = YES;
				CLANG_WARN_OBJC_LITERAL_CONVERSION = YES;
				CLANG_WARN_OBJC_ROOT_CLASS = YES_ERROR;
				CLANG_WARN_RANGE_LOOP_ANALYSIS = YES;
				CLANG_WARN_STRICT_PROTOTYPES = YES;
				CLANG_WARN_SUSPICIOUS_MOVE = YES;
				CLANG_WARN_UNGUARDED_AVAILABILITY = YES_AGGRESSIVE;
				CLANG_WARN_UNREACHABLE_CODE = YES;
				CLANG_WARN__DUPLICATE_METHOD_MATCH = YES;
				COPY_PHASE_STRIP = NO;
				DEBUG_INFORMATION_FORMAT = dwarf;
				ENABLE_STRICT_OBJC_MSGSEND = YES;
				ENABLE_TESTABILITY = YES;
				GCC_C_LANGUAGE_STANDARD = gnu11;
				GCC_DYNAMIC_NO_PIC = NO;
				GCC_NO_COMMON_BLOCKS = YES;
				GCC_OPTIMIZATION_LEVEL = 0;
				GCC_PREPROCESSOR_DEFINITIONS = (
					"DEBUG=1",
					"$(inherited)",
				);
				GCC_WARN_64_TO_32_BIT_CONVERSION = YES;
				GCC_WARN_ABOUT_RETURN_TYPE = YES_ERROR;
				GCC_WARN_UNDECLARED_SELECTOR = YES;
				GCC_WARN_UNINITIALIZED_AUTOS = YES_AGGRESSIVE;
				GCC_WARN_UNUSED_FUNCTION = YES;
				GCC_WARN_UNUSED_VARIABLE = YES;
				IPHONEOS_DEPLOYMENT_TARGET = 13.5;
				MTL_ENABLE_DEBUG_INFO = INCLUDE_SOURCE;
				MTL_FAST_MATH = YES;
				ONLY_ACTIVE_ARCH = YES;
				SDKROOT = iphoneos;
				SWIFT_ACTIVE_COMPILATION_CONDITIONS = DEBUG;
				SWIFT_OPTIMIZATION_LEVEL = "-Onone";
			};
			name = Debug;
		};
		3660BD73251B1F0200ED8241 /* Release */ = {
			isa = XCBuildConfiguration;
			buildSettings = {
				ALWAYS_SEARCH_USER_PATHS = NO;
				CLANG_ANALYZER_NONNULL = YES;
				CLANG_ANALYZER_NUMBER_OBJECT_CONVERSION = YES_AGGRESSIVE;
				CLANG_CXX_LANGUAGE_STANDARD = "gnu++14";
				CLANG_CXX_LIBRARY = "libc++";
				CLANG_ENABLE_MODULES = YES;
				CLANG_ENABLE_OBJC_ARC = YES;
				CLANG_ENABLE_OBJC_WEAK = YES;
				CLANG_WARN_BLOCK_CAPTURE_AUTORELEASING = YES;
				CLANG_WARN_BOOL_CONVERSION = YES;
				CLANG_WARN_COMMA = YES;
				CLANG_WARN_CONSTANT_CONVERSION = YES;
				CLANG_WARN_DEPRECATED_OBJC_IMPLEMENTATIONS = YES;
				CLANG_WARN_DIRECT_OBJC_ISA_USAGE = YES_ERROR;
				CLANG_WARN_DOCUMENTATION_COMMENTS = YES;
				CLANG_WARN_EMPTY_BODY = YES;
				CLANG_WARN_ENUM_CONVERSION = YES;
				CLANG_WARN_INFINITE_RECURSION = YES;
				CLANG_WARN_INT_CONVERSION = YES;
				CLANG_WARN_NON_LITERAL_NULL_CONVERSION = YES;
				CLANG_WARN_OBJC_IMPLICIT_RETAIN_SELF = YES;
				CLANG_WARN_OBJC_LITERAL_CONVERSION = YES;
				CLANG_WARN_OBJC_ROOT_CLASS = YES_ERROR;
				CLANG_WARN_RANGE_LOOP_ANALYSIS = YES;
				CLANG_WARN_STRICT_PROTOTYPES = YES;
				CLANG_WARN_SUSPICIOUS_MOVE = YES;
				CLANG_WARN_UNGUARDED_AVAILABILITY = YES_AGGRESSIVE;
				CLANG_WARN_UNREACHABLE_CODE = YES;
				CLANG_WARN__DUPLICATE_METHOD_MATCH = YES;
				COPY_PHASE_STRIP = NO;
				DEBUG_INFORMATION_FORMAT = "dwarf-with-dsym";
				ENABLE_NS_ASSERTIONS = NO;
				ENABLE_STRICT_OBJC_MSGSEND = YES;
				GCC_C_LANGUAGE_STANDARD = gnu11;
				GCC_NO_COMMON_BLOCKS = YES;
				GCC_WARN_64_TO_32_BIT_CONVERSION = YES;
				GCC_WARN_ABOUT_RETURN_TYPE = YES_ERROR;
				GCC_WARN_UNDECLARED_SELECTOR = YES;
				GCC_WARN_UNINITIALIZED_AUTOS = YES_AGGRESSIVE;
				GCC_WARN_UNUSED_FUNCTION = YES;
				GCC_WARN_UNUSED_VARIABLE = YES;
				IPHONEOS_DEPLOYMENT_TARGET = 13.5;
				MTL_ENABLE_DEBUG_INFO = NO;
				MTL_FAST_MATH = YES;
				SDKROOT = iphoneos;
				SWIFT_COMPILATION_MODE = wholemodule;
				SWIFT_OPTIMIZATION_LEVEL = "-O";
				VALIDATE_PRODUCT = YES;
			};
			name = Release;
		};
		3660BD75251B1F0200ED8241 /* Debug */ = {
			isa = XCBuildConfiguration;
			baseConfigurationReference = D7569079AA6318D0EF156282 /* Pods-MusicDictionaryIOS.debug.xcconfig */;
			buildSettings = {
				ASSETCATALOG_COMPILER_APPICON_NAME = AppIcon;
				CLANG_ENABLE_MODULES = YES;
				CODE_SIGN_STYLE = Automatic;
				INFOPLIST_FILE = MusicDictionaryIOS/Info.plist;
				LD_RUNPATH_SEARCH_PATHS = (
					"$(inherited)",
					"@executable_path/Frameworks",
				);
				PRODUCT_BUNDLE_IDENTIFIER = sampel1.MusicDictionaryIOS;
				PRODUCT_NAME = "$(TARGET_NAME)";
				SWIFT_OPTIMIZATION_LEVEL = "-Onone";
				SWIFT_VERSION = 5.0;
				TARGETED_DEVICE_FAMILY = "1,2";
			};
			name = Debug;
		};
		3660BD76251B1F0200ED8241 /* Release */ = {
			isa = XCBuildConfiguration;
			baseConfigurationReference = F0940702676F262E949CDD18 /* Pods-MusicDictionaryIOS.release.xcconfig */;
			buildSettings = {
				ASSETCATALOG_COMPILER_APPICON_NAME = AppIcon;
				CLANG_ENABLE_MODULES = YES;
				CODE_SIGN_STYLE = Automatic;
				INFOPLIST_FILE = MusicDictionaryIOS/Info.plist;
				LD_RUNPATH_SEARCH_PATHS = (
					"$(inherited)",
					"@executable_path/Frameworks",
				);
				PRODUCT_BUNDLE_IDENTIFIER = sampel1.MusicDictionaryIOS;
				PRODUCT_NAME = "$(TARGET_NAME)";
				SWIFT_VERSION = 5.0;
				TARGETED_DEVICE_FAMILY = "1,2";
			};
			name = Release;
		};
		3660BD78251B1F0200ED8241 /* Debug */ = {
			isa = XCBuildConfiguration;
			baseConfigurationReference = 1BD954C4DF0C947A6DC43DDC /* Pods-MusicDictionaryIOSTests.debug.xcconfig */;
			buildSettings = {
				ALWAYS_EMBED_SWIFT_STANDARD_LIBRARIES = YES;
				BUNDLE_LOADER = "$(TEST_HOST)";
				CODE_SIGN_STYLE = Automatic;
				INFOPLIST_FILE = MusicDictionaryIOSTests/Info.plist;
				IPHONEOS_DEPLOYMENT_TARGET = 13.5;
				LD_RUNPATH_SEARCH_PATHS = (
					"$(inherited)",
					"@executable_path/Frameworks",
					"@loader_path/Frameworks",
				);
				PRODUCT_BUNDLE_IDENTIFIER = sampel1.MusicDictionaryIOSTests;
				PRODUCT_NAME = "$(TARGET_NAME)";
				SWIFT_VERSION = 5.0;
				TARGETED_DEVICE_FAMILY = "1,2";
				TEST_HOST = "$(BUILT_PRODUCTS_DIR)/MusicDictionaryIOS.app/MusicDictionaryIOS";
			};
			name = Debug;
		};
		3660BD79251B1F0200ED8241 /* Release */ = {
			isa = XCBuildConfiguration;
			baseConfigurationReference = 0C044D5D06A8C4FFC4FF22B0 /* Pods-MusicDictionaryIOSTests.release.xcconfig */;
			buildSettings = {
				ALWAYS_EMBED_SWIFT_STANDARD_LIBRARIES = YES;
				BUNDLE_LOADER = "$(TEST_HOST)";
				CODE_SIGN_STYLE = Automatic;
				INFOPLIST_FILE = MusicDictionaryIOSTests/Info.plist;
				IPHONEOS_DEPLOYMENT_TARGET = 13.5;
				LD_RUNPATH_SEARCH_PATHS = (
					"$(inherited)",
					"@executable_path/Frameworks",
					"@loader_path/Frameworks",
				);
				PRODUCT_BUNDLE_IDENTIFIER = sampel1.MusicDictionaryIOSTests;
				PRODUCT_NAME = "$(TARGET_NAME)";
				SWIFT_VERSION = 5.0;
				TARGETED_DEVICE_FAMILY = "1,2";
				TEST_HOST = "$(BUILT_PRODUCTS_DIR)/MusicDictionaryIOS.app/MusicDictionaryIOS";
			};
			name = Release;
		};
		3660BD7B251B1F0200ED8241 /* Debug */ = {
			isa = XCBuildConfiguration;
			baseConfigurationReference = EBA363F6D7F9025578865964 /* Pods-MusicDictionaryIOS-MusicDictionaryIOSUITests.debug.xcconfig */;
			buildSettings = {
				ALWAYS_EMBED_SWIFT_STANDARD_LIBRARIES = YES;
				CODE_SIGN_STYLE = Automatic;
				INFOPLIST_FILE = MusicDictionaryIOSUITests/Info.plist;
				LD_RUNPATH_SEARCH_PATHS = (
					"$(inherited)",
					"@executable_path/Frameworks",
					"@loader_path/Frameworks",
				);
				PRODUCT_BUNDLE_IDENTIFIER = sampel1.MusicDictionaryIOSUITests;
				PRODUCT_NAME = "$(TARGET_NAME)";
				SWIFT_VERSION = 5.0;
				TARGETED_DEVICE_FAMILY = "1,2";
				TEST_TARGET_NAME = MusicDictionaryIOS;
			};
			name = Debug;
		};
		3660BD7C251B1F0200ED8241 /* Release */ = {
			isa = XCBuildConfiguration;
			baseConfigurationReference = A213F63FA82488032707777E /* Pods-MusicDictionaryIOS-MusicDictionaryIOSUITests.release.xcconfig */;
			buildSettings = {
				ALWAYS_EMBED_SWIFT_STANDARD_LIBRARIES = YES;
				CODE_SIGN_STYLE = Automatic;
				INFOPLIST_FILE = MusicDictionaryIOSUITests/Info.plist;
				LD_RUNPATH_SEARCH_PATHS = (
					"$(inherited)",
					"@executable_path/Frameworks",
					"@loader_path/Frameworks",
				);
				PRODUCT_BUNDLE_IDENTIFIER = sampel1.MusicDictionaryIOSUITests;
				PRODUCT_NAME = "$(TARGET_NAME)";
				SWIFT_VERSION = 5.0;
				TARGETED_DEVICE_FAMILY = "1,2";
				TEST_TARGET_NAME = MusicDictionaryIOS;
			};
			name = Release;
		};
		3660BD98251B36AB00ED8241 /* develop */ = {
			isa = XCBuildConfiguration;
			buildSettings = {
				ALWAYS_SEARCH_USER_PATHS = NO;
				CLANG_ANALYZER_NONNULL = YES;
				CLANG_ANALYZER_NUMBER_OBJECT_CONVERSION = YES_AGGRESSIVE;
				CLANG_CXX_LANGUAGE_STANDARD = "gnu++14";
				CLANG_CXX_LIBRARY = "libc++";
				CLANG_ENABLE_MODULES = YES;
				CLANG_ENABLE_OBJC_ARC = YES;
				CLANG_ENABLE_OBJC_WEAK = YES;
				CLANG_WARN_BLOCK_CAPTURE_AUTORELEASING = YES;
				CLANG_WARN_BOOL_CONVERSION = YES;
				CLANG_WARN_COMMA = YES;
				CLANG_WARN_CONSTANT_CONVERSION = YES;
				CLANG_WARN_DEPRECATED_OBJC_IMPLEMENTATIONS = YES;
				CLANG_WARN_DIRECT_OBJC_ISA_USAGE = YES_ERROR;
				CLANG_WARN_DOCUMENTATION_COMMENTS = YES;
				CLANG_WARN_EMPTY_BODY = YES;
				CLANG_WARN_ENUM_CONVERSION = YES;
				CLANG_WARN_INFINITE_RECURSION = YES;
				CLANG_WARN_INT_CONVERSION = YES;
				CLANG_WARN_NON_LITERAL_NULL_CONVERSION = YES;
				CLANG_WARN_OBJC_IMPLICIT_RETAIN_SELF = YES;
				CLANG_WARN_OBJC_LITERAL_CONVERSION = YES;
				CLANG_WARN_OBJC_ROOT_CLASS = YES_ERROR;
				CLANG_WARN_RANGE_LOOP_ANALYSIS = YES;
				CLANG_WARN_STRICT_PROTOTYPES = YES;
				CLANG_WARN_SUSPICIOUS_MOVE = YES;
				CLANG_WARN_UNGUARDED_AVAILABILITY = YES_AGGRESSIVE;
				CLANG_WARN_UNREACHABLE_CODE = YES;
				CLANG_WARN__DUPLICATE_METHOD_MATCH = YES;
				COPY_PHASE_STRIP = NO;
				DEBUG_INFORMATION_FORMAT = dwarf;
				ENABLE_STRICT_OBJC_MSGSEND = YES;
				ENABLE_TESTABILITY = YES;
				GCC_C_LANGUAGE_STANDARD = gnu11;
				GCC_DYNAMIC_NO_PIC = NO;
				GCC_NO_COMMON_BLOCKS = YES;
				GCC_OPTIMIZATION_LEVEL = 0;
				GCC_PREPROCESSOR_DEFINITIONS = (
					"DEBUG=1",
					"$(inherited)",
				);
				GCC_WARN_64_TO_32_BIT_CONVERSION = YES;
				GCC_WARN_ABOUT_RETURN_TYPE = YES_ERROR;
				GCC_WARN_UNDECLARED_SELECTOR = YES;
				GCC_WARN_UNINITIALIZED_AUTOS = YES_AGGRESSIVE;
				GCC_WARN_UNUSED_FUNCTION = YES;
				GCC_WARN_UNUSED_VARIABLE = YES;
				IPHONEOS_DEPLOYMENT_TARGET = 13.5;
				MTL_ENABLE_DEBUG_INFO = INCLUDE_SOURCE;
				MTL_FAST_MATH = YES;
				ONLY_ACTIVE_ARCH = YES;
				SDKROOT = iphoneos;
				SWIFT_ACTIVE_COMPILATION_CONDITIONS = DEBUG;
				SWIFT_OPTIMIZATION_LEVEL = "-Onone";
			};
			name = develop;
		};
		3660BD99251B36AB00ED8241 /* develop */ = {
			isa = XCBuildConfiguration;
			baseConfigurationReference = 97400FC0F1281E0E0C4DC73A /* Pods-MusicDictionaryIOS.develop.xcconfig */;
			buildSettings = {
				ASSETCATALOG_COMPILER_APPICON_NAME = AppIcon;
				CLANG_ENABLE_MODULES = YES;
				CODE_SIGN_STYLE = Automatic;
				INFOPLIST_FILE = MusicDictionaryIOS/Info.plist;
				LD_RUNPATH_SEARCH_PATHS = (
					"$(inherited)",
					"@executable_path/Frameworks",
				);
				PRODUCT_BUNDLE_IDENTIFIER = sampel1.MusicDictionaryIOS;
				PRODUCT_NAME = "$(TARGET_NAME)";
				SWIFT_OPTIMIZATION_LEVEL = "-Onone";
				SWIFT_VERSION = 5.0;
				TARGETED_DEVICE_FAMILY = "1,2";
			};
			name = develop;
		};
		3660BD9A251B36AB00ED8241 /* develop */ = {
			isa = XCBuildConfiguration;
			baseConfigurationReference = 2C1E132C3A81902914F67CFD /* Pods-MusicDictionaryIOSTests.develop.xcconfig */;
			buildSettings = {
				ALWAYS_EMBED_SWIFT_STANDARD_LIBRARIES = YES;
				BUNDLE_LOADER = "$(TEST_HOST)";
				CODE_SIGN_STYLE = Automatic;
				INFOPLIST_FILE = MusicDictionaryIOSTests/Info.plist;
				IPHONEOS_DEPLOYMENT_TARGET = 13.5;
				LD_RUNPATH_SEARCH_PATHS = (
					"$(inherited)",
					"@executable_path/Frameworks",
					"@loader_path/Frameworks",
				);
				PRODUCT_BUNDLE_IDENTIFIER = sampel1.MusicDictionaryIOSTests;
				PRODUCT_NAME = "$(TARGET_NAME)";
				SWIFT_VERSION = 5.0;
				TARGETED_DEVICE_FAMILY = "1,2";
				TEST_HOST = "$(BUILT_PRODUCTS_DIR)/MusicDictionaryIOS.app/MusicDictionaryIOS";
			};
			name = develop;
		};
		3660BD9B251B36AB00ED8241 /* develop */ = {
			isa = XCBuildConfiguration;
			baseConfigurationReference = 333586B02F47E0AD8F0D682D /* Pods-MusicDictionaryIOS-MusicDictionaryIOSUITests.develop.xcconfig */;
			buildSettings = {
				ALWAYS_EMBED_SWIFT_STANDARD_LIBRARIES = YES;
				CODE_SIGN_STYLE = Automatic;
				INFOPLIST_FILE = MusicDictionaryIOSUITests/Info.plist;
				LD_RUNPATH_SEARCH_PATHS = (
					"$(inherited)",
					"@executable_path/Frameworks",
					"@loader_path/Frameworks",
				);
				PRODUCT_BUNDLE_IDENTIFIER = sampel1.MusicDictionaryIOSUITests;
				PRODUCT_NAME = "$(TARGET_NAME)";
				SWIFT_VERSION = 5.0;
				TARGETED_DEVICE_FAMILY = "1,2";
				TEST_TARGET_NAME = MusicDictionaryIOS;
			};
			name = develop;
		};
		3660BD9C251B36C000ED8241 /* staging */ = {
			isa = XCBuildConfiguration;
			buildSettings = {
				ALWAYS_SEARCH_USER_PATHS = NO;
				CLANG_ANALYZER_NONNULL = YES;
				CLANG_ANALYZER_NUMBER_OBJECT_CONVERSION = YES_AGGRESSIVE;
				CLANG_CXX_LANGUAGE_STANDARD = "gnu++14";
				CLANG_CXX_LIBRARY = "libc++";
				CLANG_ENABLE_MODULES = YES;
				CLANG_ENABLE_OBJC_ARC = YES;
				CLANG_ENABLE_OBJC_WEAK = YES;
				CLANG_WARN_BLOCK_CAPTURE_AUTORELEASING = YES;
				CLANG_WARN_BOOL_CONVERSION = YES;
				CLANG_WARN_COMMA = YES;
				CLANG_WARN_CONSTANT_CONVERSION = YES;
				CLANG_WARN_DEPRECATED_OBJC_IMPLEMENTATIONS = YES;
				CLANG_WARN_DIRECT_OBJC_ISA_USAGE = YES_ERROR;
				CLANG_WARN_DOCUMENTATION_COMMENTS = YES;
				CLANG_WARN_EMPTY_BODY = YES;
				CLANG_WARN_ENUM_CONVERSION = YES;
				CLANG_WARN_INFINITE_RECURSION = YES;
				CLANG_WARN_INT_CONVERSION = YES;
				CLANG_WARN_NON_LITERAL_NULL_CONVERSION = YES;
				CLANG_WARN_OBJC_IMPLICIT_RETAIN_SELF = YES;
				CLANG_WARN_OBJC_LITERAL_CONVERSION = YES;
				CLANG_WARN_OBJC_ROOT_CLASS = YES_ERROR;
				CLANG_WARN_RANGE_LOOP_ANALYSIS = YES;
				CLANG_WARN_STRICT_PROTOTYPES = YES;
				CLANG_WARN_SUSPICIOUS_MOVE = YES;
				CLANG_WARN_UNGUARDED_AVAILABILITY = YES_AGGRESSIVE;
				CLANG_WARN_UNREACHABLE_CODE = YES;
				CLANG_WARN__DUPLICATE_METHOD_MATCH = YES;
				COPY_PHASE_STRIP = NO;
				DEBUG_INFORMATION_FORMAT = dwarf;
				ENABLE_STRICT_OBJC_MSGSEND = YES;
				ENABLE_TESTABILITY = YES;
				GCC_C_LANGUAGE_STANDARD = gnu11;
				GCC_DYNAMIC_NO_PIC = NO;
				GCC_NO_COMMON_BLOCKS = YES;
				GCC_OPTIMIZATION_LEVEL = 0;
				GCC_PREPROCESSOR_DEFINITIONS = (
					"DEBUG=1",
					"$(inherited)",
				);
				GCC_WARN_64_TO_32_BIT_CONVERSION = YES;
				GCC_WARN_ABOUT_RETURN_TYPE = YES_ERROR;
				GCC_WARN_UNDECLARED_SELECTOR = YES;
				GCC_WARN_UNINITIALIZED_AUTOS = YES_AGGRESSIVE;
				GCC_WARN_UNUSED_FUNCTION = YES;
				GCC_WARN_UNUSED_VARIABLE = YES;
				IPHONEOS_DEPLOYMENT_TARGET = 13.5;
				MTL_ENABLE_DEBUG_INFO = INCLUDE_SOURCE;
				MTL_FAST_MATH = YES;
				ONLY_ACTIVE_ARCH = YES;
				SDKROOT = iphoneos;
				SWIFT_ACTIVE_COMPILATION_CONDITIONS = DEBUG;
				SWIFT_OPTIMIZATION_LEVEL = "-Onone";
			};
			name = staging;
		};
		3660BD9D251B36C000ED8241 /* staging */ = {
			isa = XCBuildConfiguration;
			baseConfigurationReference = 7DAEA2F9F762013C1DA407B9 /* Pods-MusicDictionaryIOS.staging.xcconfig */;
			buildSettings = {
				ASSETCATALOG_COMPILER_APPICON_NAME = AppIcon;
				CLANG_ENABLE_MODULES = YES;
				CODE_SIGN_STYLE = Automatic;
				INFOPLIST_FILE = MusicDictionaryIOS/Info.plist;
				LD_RUNPATH_SEARCH_PATHS = (
					"$(inherited)",
					"@executable_path/Frameworks",
				);
				PRODUCT_BUNDLE_IDENTIFIER = sampel1.MusicDictionaryIOS;
				PRODUCT_NAME = "$(TARGET_NAME)";
				SWIFT_OPTIMIZATION_LEVEL = "-Onone";
				SWIFT_VERSION = 5.0;
				TARGETED_DEVICE_FAMILY = "1,2";
			};
			name = staging;
		};
		3660BD9E251B36C000ED8241 /* staging */ = {
			isa = XCBuildConfiguration;
			baseConfigurationReference = 9163A1BFBC8D4E76BB1EF619 /* Pods-MusicDictionaryIOSTests.staging.xcconfig */;
			buildSettings = {
				ALWAYS_EMBED_SWIFT_STANDARD_LIBRARIES = YES;
				BUNDLE_LOADER = "$(TEST_HOST)";
				CODE_SIGN_STYLE = Automatic;
				INFOPLIST_FILE = MusicDictionaryIOSTests/Info.plist;
				IPHONEOS_DEPLOYMENT_TARGET = 13.5;
				LD_RUNPATH_SEARCH_PATHS = (
					"$(inherited)",
					"@executable_path/Frameworks",
					"@loader_path/Frameworks",
				);
				PRODUCT_BUNDLE_IDENTIFIER = sampel1.MusicDictionaryIOSTests;
				PRODUCT_NAME = "$(TARGET_NAME)";
				SWIFT_VERSION = 5.0;
				TARGETED_DEVICE_FAMILY = "1,2";
				TEST_HOST = "$(BUILT_PRODUCTS_DIR)/MusicDictionaryIOS.app/MusicDictionaryIOS";
			};
			name = staging;
		};
		3660BD9F251B36C000ED8241 /* staging */ = {
			isa = XCBuildConfiguration;
			baseConfigurationReference = E28EFB91EFB74A740FBC6C50 /* Pods-MusicDictionaryIOS-MusicDictionaryIOSUITests.staging.xcconfig */;
			buildSettings = {
				ALWAYS_EMBED_SWIFT_STANDARD_LIBRARIES = YES;
				CODE_SIGN_STYLE = Automatic;
				INFOPLIST_FILE = MusicDictionaryIOSUITests/Info.plist;
				LD_RUNPATH_SEARCH_PATHS = (
					"$(inherited)",
					"@executable_path/Frameworks",
					"@loader_path/Frameworks",
				);
				PRODUCT_BUNDLE_IDENTIFIER = sampel1.MusicDictionaryIOSUITests;
				PRODUCT_NAME = "$(TARGET_NAME)";
				SWIFT_VERSION = 5.0;
				TARGETED_DEVICE_FAMILY = "1,2";
				TEST_TARGET_NAME = MusicDictionaryIOS;
			};
			name = staging;
		};
/* End XCBuildConfiguration section */

/* Begin XCConfigurationList section */
		3660BD45251B1F0000ED8241 /* Build configuration list for PBXProject "MusicDictionaryIOS" */ = {
			isa = XCConfigurationList;
			buildConfigurations = (
				3660BD72251B1F0200ED8241 /* Debug */,
				3660BD9C251B36C000ED8241 /* staging */,
				3660BD98251B36AB00ED8241 /* develop */,
				3660BD73251B1F0200ED8241 /* Release */,
			);
			defaultConfigurationIsVisible = 0;
			defaultConfigurationName = Release;
		};
		3660BD74251B1F0200ED8241 /* Build configuration list for PBXNativeTarget "MusicDictionaryIOS" */ = {
			isa = XCConfigurationList;
			buildConfigurations = (
				3660BD75251B1F0200ED8241 /* Debug */,
				3660BD9D251B36C000ED8241 /* staging */,
				3660BD99251B36AB00ED8241 /* develop */,
				3660BD76251B1F0200ED8241 /* Release */,
			);
			defaultConfigurationIsVisible = 0;
			defaultConfigurationName = Release;
		};
		3660BD77251B1F0200ED8241 /* Build configuration list for PBXNativeTarget "MusicDictionaryIOSTests" */ = {
			isa = XCConfigurationList;
			buildConfigurations = (
				3660BD78251B1F0200ED8241 /* Debug */,
				3660BD9E251B36C000ED8241 /* staging */,
				3660BD9A251B36AB00ED8241 /* develop */,
				3660BD79251B1F0200ED8241 /* Release */,
			);
			defaultConfigurationIsVisible = 0;
			defaultConfigurationName = Release;
		};
		3660BD7A251B1F0200ED8241 /* Build configuration list for PBXNativeTarget "MusicDictionaryIOSUITests" */ = {
			isa = XCConfigurationList;
			buildConfigurations = (
				3660BD7B251B1F0200ED8241 /* Debug */,
				3660BD9F251B36C000ED8241 /* staging */,
				3660BD9B251B36AB00ED8241 /* develop */,
				3660BD7C251B1F0200ED8241 /* Release */,
			);
			defaultConfigurationIsVisible = 0;
			defaultConfigurationName = Release;
		};
/* End XCConfigurationList section */
	};
	rootObject = 3660BD42251B1F0000ED8241 /* Project object */;
}
